
Microsoft Visual Studio Solution File, Format Version 12.00
# Visual Studio Version 16
VisualStudioVersion = 16.0.31829.152
MinimumVisualStudioVersion = 10.0.40219.1
Project("{FAE04EC0-301F-11D3-BF4B-00C04F79EFBC}") = "WPF13", "WPF13.csproj", "{5C966958-1FDF-4C91-ABFF-27CCFBE4A5C6}"
EndProject
Global
	GlobalSection(SolutionConfigurationPlatforms) = preSolution
		Debug|Any CPU = Debug|Any CPU
		Release|Any CPU = Release|Any CPU
	EndGlobalSection
	GlobalSection(ProjectConfigurationPlatforms) = postSolution
		{5C966958-1FDF-4C91-ABFF-27CCFBE4A5C6}.Debug|Any CPU.ActiveCfg = Debug|Any CPU
		{5C966958-1FDF-4C91-ABFF-27CCFBE4A5C6}.Debug|Any CPU.Build.0 = Debug|Any CPU
		{5C966958-1FDF-4C91-ABFF-27CCFBE4A5C6}.Release|Any CPU.ActiveCfg = Release|Any CPU
		{5C966958-1FDF-4C91-ABFF-27CCFBE4A5C6}.Release|Any CPU.Build.0 = Release|Any CPU
	EndGlobalSection
	GlobalSection(SolutionProperties) = preSolution
		HideSolutionNode = FALSE
	EndGlobalSection
	GlobalSection(ExtensibilityGlobals) = postSolution
		SolutionGuid = {A42B017F-9F2B-4EE5-8C00-36DD389D1226}
	EndGlobalSection
EndGlobal
